
Microsoft Visual Studio Solution File, Format Version 12.00
# Visual Studio Version 17
VisualStudioVersion = 17.0.31919.166
MinimumVisualStudioVersion = 10.0.40219.1
Project("{9A19103F-16F7-4668-BE54-9A1E7A4F7556}") = "API", "API\API.csproj", "{A8B4B8CF-C68F-412D-BB73-75C889C59D5C}"
EndProject
Global
	GlobalSection(SolutionConfigurationPlatforms) = preSolution
		Debug|Any CPU = Debug|Any CPU
		Release|Any CPU = Release|Any CPU
	EndGlobalSection
	GlobalSection(ProjectConfigurationPlatforms) = postSolution
		{A8B4B8CF-C68F-412D-BB73-75C889C59D5C}.Debug|Any CPU.ActiveCfg = Debug|Any CPU
		{A8B4B8CF-C68F-412D-BB73-75C889C59D5C}.Debug|Any CPU.Build.0 = Debug|Any CPU
		{A8B4B8CF-C68F-412D-BB73-75C889C59D5C}.Release|Any CPU.ActiveCfg = Release|Any CPU
		{A8B4B8CF-C68F-412D-BB73-75C889C59D5C}.Release|Any CPU.Build.0 = Release|Any CPU
	EndGlobalSection
	GlobalSection(SolutionProperties) = preSolution
		HideSolutionNode = FALSE
	EndGlobalSection
	GlobalSection(ExtensibilityGlobals) = postSolution
		SolutionGuid = {2202A6D2-9D3A-491D-A852-D3F46180CDE7}
	EndGlobalSection
EndGlobal
